
Microsoft Visual Studio Solution File, Format Version 12.00
# Visual Studio 15
VisualStudioVersion = 15.0.27703.2035
MinimumVisualStudioVersion = 10.0.40219.1
Project("{FAE04EC0-301F-11D3-BF4B-00C04F79EFBC}") = "AlgorithmLearning", "AlgorithmLearning\AlgorithmLearning.csproj", "{B443668E-2113-4D2C-96A0-ED727127ABF5}"
EndProject
Global
	GlobalSection(SolutionConfigurationPlatforms) = preSolution
		Debug|Any CPU = Debug|Any CPU
		Release|Any CPU = Release|Any CPU
	EndGlobalSection
	GlobalSection(ProjectConfigurationPlatforms) = postSolution
		{B443668E-2113-4D2C-96A0-ED727127ABF5}.Debug|Any CPU.ActiveCfg = Debug|Any CPU
		{B443668E-2113-4D2C-96A0-ED727127ABF5}.Debug|Any CPU.Build.0 = Debug|Any CPU
		{B443668E-2113-4D2C-96A0-ED727127ABF5}.Release|Any CPU.ActiveCfg = Release|Any CPU
		{B443668E-2113-4D2C-96A0-ED727127ABF5}.Release|Any CPU.Build.0 = Release|Any CPU
	EndGlobalSection
	GlobalSection(SolutionProperties) = preSolution
		HideSolutionNode = FALSE
	EndGlobalSection
	GlobalSection(ExtensibilityGlobals) = postSolution
		SolutionGuid = {3A9ADD0E-A870-42B2-B3DA-1C940B66E6FB}
	EndGlobalSection
EndGlobal
